Microsoft Visual Studio Solution File, Format Version 12.00
# Visual Studio Version 18
VisualStudioVersion = 18.5.11723.231 stable
MinimumVisualStudioVersion = 10.0.40219.1
Project("{8BC9CEB8-8B4A-11D0-8D11-00A0C91BC942}") = "EmbeddedGUI_PC_Simulator", "EmbeddedGUI_PC_Simulator.vcxproj", "{8D1710A5-EAD2-494C-8349-4F658D2D199A}"
EndProject
Global
	GlobalSection(SolutionConfigurationPlatforms) = preSolution
		Debug|x64 = Debug|x64
		HelloActivity_Debug|x64 = HelloActivity_Debug|x64
		HelloAPP_Debug|x64 = HelloAPP_Debug|x64
		HelloBasic_button_Debug|x64 = HelloBasic_button_Debug|x64
		HelloBasic_label_Debug|x64 = HelloBasic_label_Debug|x64
		HelloBasic_slider_Debug|x64 = HelloBasic_slider_Debug|x64
		HelloBasic_textinput_Debug|x64 = HelloBasic_textinput_Debug|x64
		HelloCanvas_Debug|x64 = HelloCanvas_Debug|x64
		HelloChart_Debug|x64 = HelloChart_Debug|x64
		HelloGame_snake_Debug|x64 = HelloGame_snake_Debug|x64
		HelloLayer_Debug|x64 = HelloLayer_Debug|x64
		HelloPFB_Debug|x64 = HelloPFB_Debug|x64
		HelloResourceManager_Debug|x64 = HelloResourceManager_Debug|x64
		HelloShowcase_Debug|x64 = HelloShowcase_Debug|x64
		HelloSimple_Debug|x64 = HelloSimple_Debug|x64
		HelloSizeAnalysis_canvas_path_probe_Debug|x64 = HelloSizeAnalysis_canvas_path_probe_Debug|x64
		HelloStyleDemo_Debug|x64 = HelloStyleDemo_Debug|x64
		HelloViewPageAndScroll_Debug|x64 = HelloViewPageAndScroll_Debug|x64
		HelloVirtual_virtual_stage_basic_Debug|x64 = HelloVirtual_virtual_stage_basic_Debug|x64
		HelloVirtual_virtual_viewport_basic_Debug|x64 = HelloVirtual_virtual_viewport_basic_Debug|x64
		HelloBasic_activity_ring_Debug|x64 = HelloBasic_activity_ring_Debug|x64
		HelloBasic_analog_clock_Debug|x64 = HelloBasic_analog_clock_Debug|x64
		HelloBasic_anim_Debug|x64 = HelloBasic_anim_Debug|x64
		HelloBasic_animated_image_Debug|x64 = HelloBasic_animated_image_Debug|x64
		HelloBasic_arc_slider_Debug|x64 = HelloBasic_arc_slider_Debug|x64
		HelloBasic_autocomplete_Debug|x64 = HelloBasic_autocomplete_Debug|x64
		HelloBasic_button_img_Debug|x64 = HelloBasic_button_img_Debug|x64
		HelloBasic_button_matrix_Debug|x64 = HelloBasic_button_matrix_Debug|x64
		HelloBasic_card_Debug|x64 = HelloBasic_card_Debug|x64
		HelloBasic_checkbox_Debug|x64 = HelloBasic_checkbox_Debug|x64
		HelloBasic_chips_Debug|x64 = HelloBasic_chips_Debug|x64
		HelloBasic_circular_progress_bar_Debug|x64 = HelloBasic_circular_progress_bar_Debug|x64
		HelloBasic_combobox_Debug|x64 = HelloBasic_combobox_Debug|x64
		HelloBasic_compass_Debug|x64 = HelloBasic_compass_Debug|x64
		HelloBasic_deferred_image_Debug|x64 = HelloBasic_deferred_image_Debug|x64
		HelloBasic_digital_clock_Debug|x64 = HelloBasic_digital_clock_Debug|x64
		HelloBasic_dirty_passthrough_activity_Debug|x64 = HelloBasic_dirty_passthrough_activity_Debug|x64
		HelloBasic_dirty_passthrough_container_Debug|x64 = HelloBasic_dirty_passthrough_container_Debug|x64
		HelloBasic_dirty_passthrough_page_Debug|x64 = HelloBasic_dirty_passthrough_page_Debug|x64
		HelloBasic_divider_Debug|x64 = HelloBasic_divider_Debug|x64
		HelloBasic_enhanced_widgets_Debug|x64 = HelloBasic_enhanced_widgets_Debug|x64
		HelloBasic_file_image_Debug|x64 = HelloBasic_file_image_Debug|x64
		HelloBasic_focus_navigation_Debug|x64 = HelloBasic_focus_navigation_Debug|x64
		HelloBasic_gauge_Debug|x64 = HelloBasic_gauge_Debug|x64
		HelloBasic_gridlayout_Debug|x64 = HelloBasic_gridlayout_Debug|x64
		HelloBasic_heart_rate_Debug|x64 = HelloBasic_heart_rate_Debug|x64
		HelloBasic_image_Debug|x64 = HelloBasic_image_Debug|x64
		HelloBasic_image_button_Debug|x64 = HelloBasic_image_button_Debug|x64
		HelloBasic_led_Debug|x64 = HelloBasic_led_Debug|x64
		HelloBasic_line_Debug|x64 = HelloBasic_line_Debug|x64
		HelloBasic_linearlayout_Debug|x64 = HelloBasic_linearlayout_Debug|x64
		HelloBasic_list_Debug|x64 = HelloBasic_list_Debug|x64
		HelloBasic_lyric_scroller_Debug|x64 = HelloBasic_lyric_scroller_Debug|x64
		HelloBasic_mask_Debug|x64 = HelloBasic_mask_Debug|x64
		HelloBasic_menu_Debug|x64 = HelloBasic_menu_Debug|x64
		HelloBasic_mini_calendar_Debug|x64 = HelloBasic_mini_calendar_Debug|x64
		HelloBasic_mp4_Debug|x64 = HelloBasic_mp4_Debug|x64
		HelloBasic_notification_badge_Debug|x64 = HelloBasic_notification_badge_Debug|x64
		HelloBasic_number_picker_Debug|x64 = HelloBasic_number_picker_Debug|x64
		HelloBasic_page_indicator_Debug|x64 = HelloBasic_page_indicator_Debug|x64
		HelloBasic_pattern_lock_Debug|x64 = HelloBasic_pattern_lock_Debug|x64
		HelloBasic_progress_bar_Debug|x64 = HelloBasic_progress_bar_Debug|x64
		HelloBasic_punch_region_Debug|x64 = HelloBasic_punch_region_Debug|x64
		HelloBasic_radio_button_Debug|x64 = HelloBasic_radio_button_Debug|x64
		HelloBasic_roller_Debug|x64 = HelloBasic_roller_Debug|x64
		HelloBasic_rotation_Debug|x64 = HelloBasic_rotation_Debug|x64
		HelloBasic_scale_Debug|x64 = HelloBasic_scale_Debug|x64
		HelloBasic_scroll_Debug|x64 = HelloBasic_scroll_Debug|x64
		HelloBasic_segmented_control_Debug|x64 = HelloBasic_segmented_control_Debug|x64
		HelloBasic_spangroup_Debug|x64 = HelloBasic_spangroup_Debug|x64
		HelloBasic_spinner_Debug|x64 = HelloBasic_spinner_Debug|x64
		HelloBasic_stepper_Debug|x64 = HelloBasic_stepper_Debug|x64
		HelloBasic_stopwatch_Debug|x64 = HelloBasic_stopwatch_Debug|x64
		HelloBasic_svg_Debug|x64 = HelloBasic_svg_Debug|x64
		HelloBasic_switch_Debug|x64 = HelloBasic_switch_Debug|x64
		HelloBasic_tab_bar_Debug|x64 = HelloBasic_tab_bar_Debug|x64
		HelloBasic_table_Debug|x64 = HelloBasic_table_Debug|x64
		HelloBasic_textblock_Debug|x64 = HelloBasic_textblock_Debug|x64
		HelloBasic_tileview_Debug|x64 = HelloBasic_tileview_Debug|x64
		HelloBasic_toggle_button_Debug|x64 = HelloBasic_toggle_button_Debug|x64
		HelloBasic_viewpage_Debug|x64 = HelloBasic_viewpage_Debug|x64
		HelloBasic_viewpage_cache_Debug|x64 = HelloBasic_viewpage_cache_Debug|x64
		HelloBasic_window_Debug|x64 = HelloBasic_window_Debug|x64
		HelloDirty_Debug|x64 = HelloDirty_Debug|x64
		HelloEasyPage_Debug|x64 = HelloEasyPage_Debug|x64
		HelloGame_bouncy_ball_Debug|x64 = HelloGame_bouncy_ball_Debug|x64
		HelloGame_brick_breaker_Debug|x64 = HelloGame_brick_breaker_Debug|x64
		HelloGame_game_2048_Debug|x64 = HelloGame_game_2048_Debug|x64
		HelloGame_link_match_Debug|x64 = HelloGame_link_match_Debug|x64
		HelloGame_minesweeper_Debug|x64 = HelloGame_minesweeper_Debug|x64
		HelloGame_sokoban_Debug|x64 = HelloGame_sokoban_Debug|x64
		HelloGame_tetris_Debug|x64 = HelloGame_tetris_Debug|x64
		HelloGradient_Debug|x64 = HelloGradient_Debug|x64
		HelloMultiDisplay_Debug|x64 = HelloMultiDisplay_Debug|x64
		HelloMultiDisplayHetero_Debug|x64 = HelloMultiDisplayHetero_Debug|x64
		HelloMultiTouch_Debug|x64 = HelloMultiTouch_Debug|x64
		HelloPerformance_Debug|x64 = HelloPerformance_Debug|x64
		HelloSVGSpec_Debug|x64 = HelloSVGSpec_Debug|x64
		HelloSizeAnalysis_hq_path_probe_Debug|x64 = HelloSizeAnalysis_hq_path_probe_Debug|x64
		HelloSizeAnalysis_preset_validation_Debug|x64 = HelloSizeAnalysis_preset_validation_Debug|x64
		HelloSizeAnalysis_widget_feature_probe_Debug|x64 = HelloSizeAnalysis_widget_feature_probe_Debug|x64
		HelloTest_Debug|x64 = HelloTest_Debug|x64
		HelloUnitTest_Debug|x64 = HelloUnitTest_Debug|x64
		HelloVirtual_grid_view_Debug|x64 = HelloVirtual_grid_view_Debug|x64
		HelloVirtual_grid_view_basic_Debug|x64 = HelloVirtual_grid_view_basic_Debug|x64
		HelloVirtual_list_view_Debug|x64 = HelloVirtual_list_view_Debug|x64
		HelloVirtual_list_view_basic_Debug|x64 = HelloVirtual_list_view_basic_Debug|x64
		HelloVirtual_virtual_grid_Debug|x64 = HelloVirtual_virtual_grid_Debug|x64
		HelloVirtual_virtual_grid_basic_Debug|x64 = HelloVirtual_virtual_grid_basic_Debug|x64
		HelloVirtual_virtual_page_Debug|x64 = HelloVirtual_virtual_page_Debug|x64
		HelloVirtual_virtual_page_basic_Debug|x64 = HelloVirtual_virtual_page_basic_Debug|x64
		HelloVirtual_virtual_section_list_Debug|x64 = HelloVirtual_virtual_section_list_Debug|x64
		HelloVirtual_virtual_section_list_basic_Debug|x64 = HelloVirtual_virtual_section_list_basic_Debug|x64
		HelloVirtual_virtual_stage_Debug|x64 = HelloVirtual_virtual_stage_Debug|x64
		HelloVirtual_virtual_stage_showcase_Debug|x64 = HelloVirtual_virtual_stage_showcase_Debug|x64
		HelloVirtual_virtual_strip_Debug|x64 = HelloVirtual_virtual_strip_Debug|x64
		HelloVirtual_virtual_strip_basic_Debug|x64 = HelloVirtual_virtual_strip_basic_Debug|x64
		HelloVirtual_virtual_tree_Debug|x64 = HelloVirtual_virtual_tree_Debug|x64
		HelloVirtual_virtual_tree_basic_Debug|x64 = HelloVirtual_virtual_tree_basic_Debug|x64
		HelloVirtual_virtual_viewport_Debug|x64 = HelloVirtual_virtual_viewport_Debug|x64
		Release|x64 = Release|x64
	EndGlobalSection
	GlobalSection(ProjectConfigurationPlatforms) = postSolution
		{8D1710A5-EAD2-494C-8349-4F658D2D199A}.Debug|x64.ActiveCfg = Debug|x64
		{8D1710A5-EAD2-494C-8349-4F658D2D199A}.Debug|x64.Build.0 = Debug|x64
		{8D1710A5-EAD2-494C-8349-4F658D2D199A}.HelloActivity_Debug|x64.ActiveCfg = HelloActivity_Debug|x64
		{8D1710A5-EAD2-494C-8349-4F658D2D199A}.HelloActivity_Debug|x64.Build.0 = HelloActivity_Debug|x64
		{8D1710A5-EAD2-494C-8349-4F658D2D199A}.HelloAPP_Debug|x64.ActiveCfg = HelloAPP_Debug|x64
		{8D1710A5-EAD2-494C-8349-4F658D2D199A}.HelloAPP_Debug|x64.Build.0 = HelloAPP_Debug|x64
		{8D1710A5-EAD2-494C-8349-4F658D2D199A}.HelloBasic_button_Debug|x64.ActiveCfg = HelloBasic_button_Debug|x64
		{8D1710A5-EAD2-494C-8349-4F658D2D199A}.HelloBasic_button_Debug|x64.Build.0 = HelloBasic_button_Debug|x64
		{8D1710A5-EAD2-494C-8349-4F658D2D199A}.HelloBasic_label_Debug|x64.ActiveCfg = HelloBasic_label_Debug|x64
		{8D1710A5-EAD2-494C-8349-4F658D2D199A}.HelloBasic_label_Debug|x64.Build.0 = HelloBasic_label_Debug|x64
		{8D1710A5-EAD2-494C-8349-4F658D2D199A}.HelloBasic_slider_Debug|x64.ActiveCfg = HelloBasic_slider_Debug|x64
		{8D1710A5-EAD2-494C-8349-4F658D2D199A}.HelloBasic_slider_Debug|x64.Build.0 = HelloBasic_slider_Debug|x64
		{8D1710A5-EAD2-494C-8349-4F658D2D199A}.HelloBasic_textinput_Debug|x64.ActiveCfg = HelloBasic_textinput_Debug|x64
		{8D1710A5-EAD2-494C-8349-4F658D2D199A}.HelloBasic_textinput_Debug|x64.Build.0 = HelloBasic_textinput_Debug|x64
		{8D1710A5-EAD2-494C-8349-4F658D2D199A}.HelloCanvas_Debug|x64.ActiveCfg = HelloCanvas_Debug|x64
		{8D1710A5-EAD2-494C-8349-4F658D2D199A}.HelloCanvas_Debug|x64.Build.0 = HelloCanvas_Debug|x64
		{8D1710A5-EAD2-494C-8349-4F658D2D199A}.HelloChart_Debug|x64.ActiveCfg = HelloChart_Debug|x64
		{8D1710A5-EAD2-494C-8349-4F658D2D199A}.HelloChart_Debug|x64.Build.0 = HelloChart_Debug|x64
		{8D1710A5-EAD2-494C-8349-4F658D2D199A}.HelloGame_snake_Debug|x64.ActiveCfg = HelloGame_snake_Debug|x64
		{8D1710A5-EAD2-494C-8349-4F658D2D199A}.HelloGame_snake_Debug|x64.Build.0 = HelloGame_snake_Debug|x64
		{8D1710A5-EAD2-494C-8349-4F658D2D199A}.HelloLayer_Debug|x64.ActiveCfg = HelloLayer_Debug|x64
		{8D1710A5-EAD2-494C-8349-4F658D2D199A}.HelloLayer_Debug|x64.Build.0 = HelloLayer_Debug|x64
		{8D1710A5-EAD2-494C-8349-4F658D2D199A}.HelloPFB_Debug|x64.ActiveCfg = HelloPFB_Debug|x64
		{8D1710A5-EAD2-494C-8349-4F658D2D199A}.HelloPFB_Debug|x64.Build.0 = HelloPFB_Debug|x64
		{8D1710A5-EAD2-494C-8349-4F658D2D199A}.HelloResourceManager_Debug|x64.ActiveCfg = HelloResourceManager_Debug|x64
		{8D1710A5-EAD2-494C-8349-4F658D2D199A}.HelloResourceManager_Debug|x64.Build.0 = HelloResourceManager_Debug|x64
		{8D1710A5-EAD2-494C-8349-4F658D2D199A}.HelloShowcase_Debug|x64.ActiveCfg = HelloShowcase_Debug|x64
		{8D1710A5-EAD2-494C-8349-4F658D2D199A}.HelloShowcase_Debug|x64.Build.0 = HelloShowcase_Debug|x64
		{8D1710A5-EAD2-494C-8349-4F658D2D199A}.HelloSimple_Debug|x64.ActiveCfg = HelloSimple_Debug|x64
		{8D1710A5-EAD2-494C-8349-4F658D2D199A}.HelloSimple_Debug|x64.Build.0 = HelloSimple_Debug|x64
		{8D1710A5-EAD2-494C-8349-4F658D2D199A}.HelloSizeAnalysis_canvas_path_probe_Debug|x64.ActiveCfg = HelloSizeAnalysis_canvas_path_probe_Debug|x64
		{8D1710A5-EAD2-494C-8349-4F658D2D199A}.HelloSizeAnalysis_canvas_path_probe_Debug|x64.Build.0 = HelloSizeAnalysis_canvas_path_probe_Debug|x64
		{8D1710A5-EAD2-494C-8349-4F658D2D199A}.HelloStyleDemo_Debug|x64.ActiveCfg = HelloStyleDemo_Debug|x64
		{8D1710A5-EAD2-494C-8349-4F658D2D199A}.HelloStyleDemo_Debug|x64.Build.0 = HelloStyleDemo_Debug|x64
		{8D1710A5-EAD2-494C-8349-4F658D2D199A}.HelloViewPageAndScroll_Debug|x64.ActiveCfg = HelloViewPageAndScroll_Debug|x64
		{8D1710A5-EAD2-494C-8349-4F658D2D199A}.HelloViewPageAndScroll_Debug|x64.Build.0 = HelloViewPageAndScroll_Debug|x64
		{8D1710A5-EAD2-494C-8349-4F658D2D199A}.HelloVirtual_virtual_stage_basic_Debug|x64.ActiveCfg = HelloVirtual_virtual_stage_basic_Debug|x64
		{8D1710A5-EAD2-494C-8349-4F658D2D199A}.HelloVirtual_virtual_stage_basic_Debug|x64.Build.0 = HelloVirtual_virtual_stage_basic_Debug|x64
		{8D1710A5-EAD2-494C-8349-4F658D2D199A}.HelloVirtual_virtual_viewport_basic_Debug|x64.ActiveCfg = HelloVirtual_virtual_viewport_basic_Debug|x64
		{8D1710A5-EAD2-494C-8349-4F658D2D199A}.HelloVirtual_virtual_viewport_basic_Debug|x64.Build.0 = HelloVirtual_virtual_viewport_basic_Debug|x64
		{8D1710A5-EAD2-494C-8349-4F658D2D199A}.HelloBasic_activity_ring_Debug|x64.ActiveCfg = HelloBasic_activity_ring_Debug|x64
		{8D1710A5-EAD2-494C-8349-4F658D2D199A}.HelloBasic_activity_ring_Debug|x64.Build.0 = HelloBasic_activity_ring_Debug|x64
		{8D1710A5-EAD2-494C-8349-4F658D2D199A}.HelloBasic_analog_clock_Debug|x64.ActiveCfg = HelloBasic_analog_clock_Debug|x64
		{8D1710A5-EAD2-494C-8349-4F658D2D199A}.HelloBasic_analog_clock_Debug|x64.Build.0 = HelloBasic_analog_clock_Debug|x64
		{8D1710A5-EAD2-494C-8349-4F658D2D199A}.HelloBasic_anim_Debug|x64.ActiveCfg = HelloBasic_anim_Debug|x64
		{8D1710A5-EAD2-494C-8349-4F658D2D199A}.HelloBasic_anim_Debug|x64.Build.0 = HelloBasic_anim_Debug|x64
		{8D1710A5-EAD2-494C-8349-4F658D2D199A}.HelloBasic_animated_image_Debug|x64.ActiveCfg = HelloBasic_animated_image_Debug|x64
		{8D1710A5-EAD2-494C-8349-4F658D2D199A}.HelloBasic_animated_image_Debug|x64.Build.0 = HelloBasic_animated_image_Debug|x64
		{8D1710A5-EAD2-494C-8349-4F658D2D199A}.HelloBasic_arc_slider_Debug|x64.ActiveCfg = HelloBasic_arc_slider_Debug|x64
		{8D1710A5-EAD2-494C-8349-4F658D2D199A}.HelloBasic_arc_slider_Debug|x64.Build.0 = HelloBasic_arc_slider_Debug|x64
		{8D1710A5-EAD2-494C-8349-4F658D2D199A}.HelloBasic_autocomplete_Debug|x64.ActiveCfg = HelloBasic_autocomplete_Debug|x64
		{8D1710A5-EAD2-494C-8349-4F658D2D199A}.HelloBasic_autocomplete_Debug|x64.Build.0 = HelloBasic_autocomplete_Debug|x64
		{8D1710A5-EAD2-494C-8349-4F658D2D199A}.HelloBasic_button_img_Debug|x64.ActiveCfg = HelloBasic_button_img_Debug|x64
		{8D1710A5-EAD2-494C-8349-4F658D2D199A}.HelloBasic_button_img_Debug|x64.Build.0 = HelloBasic_button_img_Debug|x64
		{8D1710A5-EAD2-494C-8349-4F658D2D199A}.HelloBasic_button_matrix_Debug|x64.ActiveCfg = HelloBasic_button_matrix_Debug|x64
		{8D1710A5-EAD2-494C-8349-4F658D2D199A}.HelloBasic_button_matrix_Debug|x64.Build.0 = HelloBasic_button_matrix_Debug|x64
		{8D1710A5-EAD2-494C-8349-4F658D2D199A}.HelloBasic_card_Debug|x64.ActiveCfg = HelloBasic_card_Debug|x64
		{8D1710A5-EAD2-494C-8349-4F658D2D199A}.HelloBasic_card_Debug|x64.Build.0 = HelloBasic_card_Debug|x64
		{8D1710A5-EAD2-494C-8349-4F658D2D199A}.HelloBasic_checkbox_Debug|x64.ActiveCfg = HelloBasic_checkbox_Debug|x64
		{8D1710A5-EAD2-494C-8349-4F658D2D199A}.HelloBasic_checkbox_Debug|x64.Build.0 = HelloBasic_checkbox_Debug|x64
		{8D1710A5-EAD2-494C-8349-4F658D2D199A}.HelloBasic_chips_Debug|x64.ActiveCfg = HelloBasic_chips_Debug|x64
		{8D1710A5-EAD2-494C-8349-4F658D2D199A}.HelloBasic_chips_Debug|x64.Build.0 = HelloBasic_chips_Debug|x64
		{8D1710A5-EAD2-494C-8349-4F658D2D199A}.HelloBasic_circular_progress_bar_Debug|x64.ActiveCfg = HelloBasic_circular_progress_bar_Debug|x64
		{8D1710A5-EAD2-494C-8349-4F658D2D199A}.HelloBasic_circular_progress_bar_Debug|x64.Build.0 = HelloBasic_circular_progress_bar_Debug|x64
		{8D1710A5-EAD2-494C-8349-4F658D2D199A}.HelloBasic_combobox_Debug|x64.ActiveCfg = HelloBasic_combobox_Debug|x64
		{8D1710A5-EAD2-494C-8349-4F658D2D199A}.HelloBasic_combobox_Debug|x64.Build.0 = HelloBasic_combobox_Debug|x64
		{8D1710A5-EAD2-494C-8349-4F658D2D199A}.HelloBasic_compass_Debug|x64.ActiveCfg = HelloBasic_compass_Debug|x64
		{8D1710A5-EAD2-494C-8349-4F658D2D199A}.HelloBasic_compass_Debug|x64.Build.0 = HelloBasic_compass_Debug|x64
		{8D1710A5-EAD2-494C-8349-4F658D2D199A}.HelloBasic_deferred_image_Debug|x64.ActiveCfg = HelloBasic_deferred_image_Debug|x64
		{8D1710A5-EAD2-494C-8349-4F658D2D199A}.HelloBasic_deferred_image_Debug|x64.Build.0 = HelloBasic_deferred_image_Debug|x64
		{8D1710A5-EAD2-494C-8349-4F658D2D199A}.HelloBasic_digital_clock_Debug|x64.ActiveCfg = HelloBasic_digital_clock_Debug|x64
		{8D1710A5-EAD2-494C-8349-4F658D2D199A}.HelloBasic_digital_clock_Debug|x64.Build.0 = HelloBasic_digital_clock_Debug|x64
		{8D1710A5-EAD2-494C-8349-4F658D2D199A}.HelloBasic_dirty_passthrough_activity_Debug|x64.ActiveCfg = HelloBasic_dirty_passthrough_activity_Debug|x64
		{8D1710A5-EAD2-494C-8349-4F658D2D199A}.HelloBasic_dirty_passthrough_activity_Debug|x64.Build.0 = HelloBasic_dirty_passthrough_activity_Debug|x64
		{8D1710A5-EAD2-494C-8349-4F658D2D199A}.HelloBasic_dirty_passthrough_container_Debug|x64.ActiveCfg = HelloBasic_dirty_passthrough_container_Debug|x64
		{8D1710A5-EAD2-494C-8349-4F658D2D199A}.HelloBasic_dirty_passthrough_container_Debug|x64.Build.0 = HelloBasic_dirty_passthrough_container_Debug|x64
		{8D1710A5-EAD2-494C-8349-4F658D2D199A}.HelloBasic_dirty_passthrough_page_Debug|x64.ActiveCfg = HelloBasic_dirty_passthrough_page_Debug|x64
		{8D1710A5-EAD2-494C-8349-4F658D2D199A}.HelloBasic_dirty_passthrough_page_Debug|x64.Build.0 = HelloBasic_dirty_passthrough_page_Debug|x64
		{8D1710A5-EAD2-494C-8349-4F658D2D199A}.HelloBasic_divider_Debug|x64.ActiveCfg = HelloBasic_divider_Debug|x64
		{8D1710A5-EAD2-494C-8349-4F658D2D199A}.HelloBasic_divider_Debug|x64.Build.0 = HelloBasic_divider_Debug|x64
		{8D1710A5-EAD2-494C-8349-4F658D2D199A}.HelloBasic_enhanced_widgets_Debug|x64.ActiveCfg = HelloBasic_enhanced_widgets_Debug|x64
		{8D1710A5-EAD2-494C-8349-4F658D2D199A}.HelloBasic_enhanced_widgets_Debug|x64.Build.0 = HelloBasic_enhanced_widgets_Debug|x64
		{8D1710A5-EAD2-494C-8349-4F658D2D199A}.HelloBasic_file_image_Debug|x64.ActiveCfg = HelloBasic_file_image_Debug|x64
		{8D1710A5-EAD2-494C-8349-4F658D2D199A}.HelloBasic_file_image_Debug|x64.Build.0 = HelloBasic_file_image_Debug|x64
		{8D1710A5-EAD2-494C-8349-4F658D2D199A}.HelloBasic_focus_navigation_Debug|x64.ActiveCfg = HelloBasic_focus_navigation_Debug|x64
		{8D1710A5-EAD2-494C-8349-4F658D2D199A}.HelloBasic_focus_navigation_Debug|x64.Build.0 = HelloBasic_focus_navigation_Debug|x64
		{8D1710A5-EAD2-494C-8349-4F658D2D199A}.HelloBasic_gauge_Debug|x64.ActiveCfg = HelloBasic_gauge_Debug|x64
		{8D1710A5-EAD2-494C-8349-4F658D2D199A}.HelloBasic_gauge_Debug|x64.Build.0 = HelloBasic_gauge_Debug|x64
		{8D1710A5-EAD2-494C-8349-4F658D2D199A}.HelloBasic_gridlayout_Debug|x64.ActiveCfg = HelloBasic_gridlayout_Debug|x64
		{8D1710A5-EAD2-494C-8349-4F658D2D199A}.HelloBasic_gridlayout_Debug|x64.Build.0 = HelloBasic_gridlayout_Debug|x64
		{8D1710A5-EAD2-494C-8349-4F658D2D199A}.HelloBasic_heart_rate_Debug|x64.ActiveCfg = HelloBasic_heart_rate_Debug|x64
		{8D1710A5-EAD2-494C-8349-4F658D2D199A}.HelloBasic_heart_rate_Debug|x64.Build.0 = HelloBasic_heart_rate_Debug|x64
		{8D1710A5-EAD2-494C-8349-4F658D2D199A}.HelloBasic_image_Debug|x64.ActiveCfg = HelloBasic_image_Debug|x64
		{8D1710A5-EAD2-494C-8349-4F658D2D199A}.HelloBasic_image_Debug|x64.Build.0 = HelloBasic_image_Debug|x64
		{8D1710A5-EAD2-494C-8349-4F658D2D199A}.HelloBasic_image_button_Debug|x64.ActiveCfg = HelloBasic_image_button_Debug|x64
		{8D1710A5-EAD2-494C-8349-4F658D2D199A}.HelloBasic_image_button_Debug|x64.Build.0 = HelloBasic_image_button_Debug|x64
		{8D1710A5-EAD2-494C-8349-4F658D2D199A}.HelloBasic_led_Debug|x64.ActiveCfg = HelloBasic_led_Debug|x64
		{8D1710A5-EAD2-494C-8349-4F658D2D199A}.HelloBasic_led_Debug|x64.Build.0 = HelloBasic_led_Debug|x64
		{8D1710A5-EAD2-494C-8349-4F658D2D199A}.HelloBasic_line_Debug|x64.ActiveCfg = HelloBasic_line_Debug|x64
		{8D1710A5-EAD2-494C-8349-4F658D2D199A}.HelloBasic_line_Debug|x64.Build.0 = HelloBasic_line_Debug|x64
		{8D1710A5-EAD2-494C-8349-4F658D2D199A}.HelloBasic_linearlayout_Debug|x64.ActiveCfg = HelloBasic_linearlayout_Debug|x64
		{8D1710A5-EAD2-494C-8349-4F658D2D199A}.HelloBasic_linearlayout_Debug|x64.Build.0 = HelloBasic_linearlayout_Debug|x64
		{8D1710A5-EAD2-494C-8349-4F658D2D199A}.HelloBasic_list_Debug|x64.ActiveCfg = HelloBasic_list_Debug|x64
		{8D1710A5-EAD2-494C-8349-4F658D2D199A}.HelloBasic_list_Debug|x64.Build.0 = HelloBasic_list_Debug|x64
		{8D1710A5-EAD2-494C-8349-4F658D2D199A}.HelloBasic_lyric_scroller_Debug|x64.ActiveCfg = HelloBasic_lyric_scroller_Debug|x64
		{8D1710A5-EAD2-494C-8349-4F658D2D199A}.HelloBasic_lyric_scroller_Debug|x64.Build.0 = HelloBasic_lyric_scroller_Debug|x64
		{8D1710A5-EAD2-494C-8349-4F658D2D199A}.HelloBasic_mask_Debug|x64.ActiveCfg = HelloBasic_mask_Debug|x64
		{8D1710A5-EAD2-494C-8349-4F658D2D199A}.HelloBasic_mask_Debug|x64.Build.0 = HelloBasic_mask_Debug|x64
		{8D1710A5-EAD2-494C-8349-4F658D2D199A}.HelloBasic_menu_Debug|x64.ActiveCfg = HelloBasic_menu_Debug|x64
		{8D1710A5-EAD2-494C-8349-4F658D2D199A}.HelloBasic_menu_Debug|x64.Build.0 = HelloBasic_menu_Debug|x64
		{8D1710A5-EAD2-494C-8349-4F658D2D199A}.HelloBasic_mini_calendar_Debug|x64.ActiveCfg = HelloBasic_mini_calendar_Debug|x64
		{8D1710A5-EAD2-494C-8349-4F658D2D199A}.HelloBasic_mini_calendar_Debug|x64.Build.0 = HelloBasic_mini_calendar_Debug|x64
		{8D1710A5-EAD2-494C-8349-4F658D2D199A}.HelloBasic_mp4_Debug|x64.ActiveCfg = HelloBasic_mp4_Debug|x64
		{8D1710A5-EAD2-494C-8349-4F658D2D199A}.HelloBasic_mp4_Debug|x64.Build.0 = HelloBasic_mp4_Debug|x64
		{8D1710A5-EAD2-494C-8349-4F658D2D199A}.HelloBasic_notification_badge_Debug|x64.ActiveCfg = HelloBasic_notification_badge_Debug|x64
		{8D1710A5-EAD2-494C-8349-4F658D2D199A}.HelloBasic_notification_badge_Debug|x64.Build.0 = HelloBasic_notification_badge_Debug|x64
		{8D1710A5-EAD2-494C-8349-4F658D2D199A}.HelloBasic_number_picker_Debug|x64.ActiveCfg = HelloBasic_number_picker_Debug|x64
		{8D1710A5-EAD2-494C-8349-4F658D2D199A}.HelloBasic_number_picker_Debug|x64.Build.0 = HelloBasic_number_picker_Debug|x64
		{8D1710A5-EAD2-494C-8349-4F658D2D199A}.HelloBasic_page_indicator_Debug|x64.ActiveCfg = HelloBasic_page_indicator_Debug|x64
		{8D1710A5-EAD2-494C-8349-4F658D2D199A}.HelloBasic_page_indicator_Debug|x64.Build.0 = HelloBasic_page_indicator_Debug|x64
		{8D1710A5-EAD2-494C-8349-4F658D2D199A}.HelloBasic_pattern_lock_Debug|x64.ActiveCfg = HelloBasic_pattern_lock_Debug|x64
		{8D1710A5-EAD2-494C-8349-4F658D2D199A}.HelloBasic_pattern_lock_Debug|x64.Build.0 = HelloBasic_pattern_lock_Debug|x64
		{8D1710A5-EAD2-494C-8349-4F658D2D199A}.HelloBasic_progress_bar_Debug|x64.ActiveCfg = HelloBasic_progress_bar_Debug|x64
		{8D1710A5-EAD2-494C-8349-4F658D2D199A}.HelloBasic_progress_bar_Debug|x64.Build.0 = HelloBasic_progress_bar_Debug|x64
		{8D1710A5-EAD2-494C-8349-4F658D2D199A}.HelloBasic_punch_region_Debug|x64.ActiveCfg = HelloBasic_punch_region_Debug|x64
		{8D1710A5-EAD2-494C-8349-4F658D2D199A}.HelloBasic_punch_region_Debug|x64.Build.0 = HelloBasic_punch_region_Debug|x64
		{8D1710A5-EAD2-494C-8349-4F658D2D199A}.HelloBasic_radio_button_Debug|x64.ActiveCfg = HelloBasic_radio_button_Debug|x64
		{8D1710A5-EAD2-494C-8349-4F658D2D199A}.HelloBasic_radio_button_Debug|x64.Build.0 = HelloBasic_radio_button_Debug|x64
		{8D1710A5-EAD2-494C-8349-4F658D2D199A}.HelloBasic_roller_Debug|x64.ActiveCfg = HelloBasic_roller_Debug|x64
		{8D1710A5-EAD2-494C-8349-4F658D2D199A}.HelloBasic_roller_Debug|x64.Build.0 = HelloBasic_roller_Debug|x64
		{8D1710A5-EAD2-494C-8349-4F658D2D199A}.HelloBasic_rotation_Debug|x64.ActiveCfg = HelloBasic_rotation_Debug|x64
		{8D1710A5-EAD2-494C-8349-4F658D2D199A}.HelloBasic_rotation_Debug|x64.Build.0 = HelloBasic_rotation_Debug|x64
		{8D1710A5-EAD2-494C-8349-4F658D2D199A}.HelloBasic_scale_Debug|x64.ActiveCfg = HelloBasic_scale_Debug|x64
		{8D1710A5-EAD2-494C-8349-4F658D2D199A}.HelloBasic_scale_Debug|x64.Build.0 = HelloBasic_scale_Debug|x64
		{8D1710A5-EAD2-494C-8349-4F658D2D199A}.HelloBasic_scroll_Debug|x64.ActiveCfg = HelloBasic_scroll_Debug|x64
		{8D1710A5-EAD2-494C-8349-4F658D2D199A}.HelloBasic_scroll_Debug|x64.Build.0 = HelloBasic_scroll_Debug|x64
		{8D1710A5-EAD2-494C-8349-4F658D2D199A}.HelloBasic_segmented_control_Debug|x64.ActiveCfg = HelloBasic_segmented_control_Debug|x64
		{8D1710A5-EAD2-494C-8349-4F658D2D199A}.HelloBasic_segmented_control_Debug|x64.Build.0 = HelloBasic_segmented_control_Debug|x64
		{8D1710A5-EAD2-494C-8349-4F658D2D199A}.HelloBasic_spangroup_Debug|x64.ActiveCfg = HelloBasic_spangroup_Debug|x64
		{8D1710A5-EAD2-494C-8349-4F658D2D199A}.HelloBasic_spangroup_Debug|x64.Build.0 = HelloBasic_spangroup_Debug|x64
		{8D1710A5-EAD2-494C-8349-4F658D2D199A}.HelloBasic_spinner_Debug|x64.ActiveCfg = HelloBasic_spinner_Debug|x64
		{8D1710A5-EAD2-494C-8349-4F658D2D199A}.HelloBasic_spinner_Debug|x64.Build.0 = HelloBasic_spinner_Debug|x64
		{8D1710A5-EAD2-494C-8349-4F658D2D199A}.HelloBasic_stepper_Debug|x64.ActiveCfg = HelloBasic_stepper_Debug|x64
		{8D1710A5-EAD2-494C-8349-4F658D2D199A}.HelloBasic_stepper_Debug|x64.Build.0 = HelloBasic_stepper_Debug|x64
		{8D1710A5-EAD2-494C-8349-4F658D2D199A}.HelloBasic_stopwatch_Debug|x64.ActiveCfg = HelloBasic_stopwatch_Debug|x64
		{8D1710A5-EAD2-494C-8349-4F658D2D199A}.HelloBasic_stopwatch_Debug|x64.Build.0 = HelloBasic_stopwatch_Debug|x64
		{8D1710A5-EAD2-494C-8349-4F658D2D199A}.HelloBasic_svg_Debug|x64.ActiveCfg = HelloBasic_svg_Debug|x64
		{8D1710A5-EAD2-494C-8349-4F658D2D199A}.HelloBasic_svg_Debug|x64.Build.0 = HelloBasic_svg_Debug|x64
		{8D1710A5-EAD2-494C-8349-4F658D2D199A}.HelloBasic_switch_Debug|x64.ActiveCfg = HelloBasic_switch_Debug|x64
		{8D1710A5-EAD2-494C-8349-4F658D2D199A}.HelloBasic_switch_Debug|x64.Build.0 = HelloBasic_switch_Debug|x64
		{8D1710A5-EAD2-494C-8349-4F658D2D199A}.HelloBasic_tab_bar_Debug|x64.ActiveCfg = HelloBasic_tab_bar_Debug|x64
		{8D1710A5-EAD2-494C-8349-4F658D2D199A}.HelloBasic_tab_bar_Debug|x64.Build.0 = HelloBasic_tab_bar_Debug|x64
		{8D1710A5-EAD2-494C-8349-4F658D2D199A}.HelloBasic_table_Debug|x64.ActiveCfg = HelloBasic_table_Debug|x64
		{8D1710A5-EAD2-494C-8349-4F658D2D199A}.HelloBasic_table_Debug|x64.Build.0 = HelloBasic_table_Debug|x64
		{8D1710A5-EAD2-494C-8349-4F658D2D199A}.HelloBasic_textblock_Debug|x64.ActiveCfg = HelloBasic_textblock_Debug|x64
		{8D1710A5-EAD2-494C-8349-4F658D2D199A}.HelloBasic_textblock_Debug|x64.Build.0 = HelloBasic_textblock_Debug|x64
		{8D1710A5-EAD2-494C-8349-4F658D2D199A}.HelloBasic_tileview_Debug|x64.ActiveCfg = HelloBasic_tileview_Debug|x64
		{8D1710A5-EAD2-494C-8349-4F658D2D199A}.HelloBasic_tileview_Debug|x64.Build.0 = HelloBasic_tileview_Debug|x64
		{8D1710A5-EAD2-494C-8349-4F658D2D199A}.HelloBasic_toggle_button_Debug|x64.ActiveCfg = HelloBasic_toggle_button_Debug|x64
		{8D1710A5-EAD2-494C-8349-4F658D2D199A}.HelloBasic_toggle_button_Debug|x64.Build.0 = HelloBasic_toggle_button_Debug|x64
		{8D1710A5-EAD2-494C-8349-4F658D2D199A}.HelloBasic_viewpage_Debug|x64.ActiveCfg = HelloBasic_viewpage_Debug|x64
		{8D1710A5-EAD2-494C-8349-4F658D2D199A}.HelloBasic_viewpage_Debug|x64.Build.0 = HelloBasic_viewpage_Debug|x64
		{8D1710A5-EAD2-494C-8349-4F658D2D199A}.HelloBasic_viewpage_cache_Debug|x64.ActiveCfg = HelloBasic_viewpage_cache_Debug|x64
		{8D1710A5-EAD2-494C-8349-4F658D2D199A}.HelloBasic_viewpage_cache_Debug|x64.Build.0 = HelloBasic_viewpage_cache_Debug|x64
		{8D1710A5-EAD2-494C-8349-4F658D2D199A}.HelloBasic_window_Debug|x64.ActiveCfg = HelloBasic_window_Debug|x64
		{8D1710A5-EAD2-494C-8349-4F658D2D199A}.HelloBasic_window_Debug|x64.Build.0 = HelloBasic_window_Debug|x64
		{8D1710A5-EAD2-494C-8349-4F658D2D199A}.HelloDirty_Debug|x64.ActiveCfg = HelloDirty_Debug|x64
		{8D1710A5-EAD2-494C-8349-4F658D2D199A}.HelloDirty_Debug|x64.Build.0 = HelloDirty_Debug|x64
		{8D1710A5-EAD2-494C-8349-4F658D2D199A}.HelloEasyPage_Debug|x64.ActiveCfg = HelloEasyPage_Debug|x64
		{8D1710A5-EAD2-494C-8349-4F658D2D199A}.HelloEasyPage_Debug|x64.Build.0 = HelloEasyPage_Debug|x64
		{8D1710A5-EAD2-494C-8349-4F658D2D199A}.HelloGame_bouncy_ball_Debug|x64.ActiveCfg = HelloGame_bouncy_ball_Debug|x64
		{8D1710A5-EAD2-494C-8349-4F658D2D199A}.HelloGame_bouncy_ball_Debug|x64.Build.0 = HelloGame_bouncy_ball_Debug|x64
		{8D1710A5-EAD2-494C-8349-4F658D2D199A}.HelloGame_brick_breaker_Debug|x64.ActiveCfg = HelloGame_brick_breaker_Debug|x64
		{8D1710A5-EAD2-494C-8349-4F658D2D199A}.HelloGame_brick_breaker_Debug|x64.Build.0 = HelloGame_brick_breaker_Debug|x64
		{8D1710A5-EAD2-494C-8349-4F658D2D199A}.HelloGame_game_2048_Debug|x64.ActiveCfg = HelloGame_game_2048_Debug|x64
		{8D1710A5-EAD2-494C-8349-4F658D2D199A}.HelloGame_game_2048_Debug|x64.Build.0 = HelloGame_game_2048_Debug|x64
		{8D1710A5-EAD2-494C-8349-4F658D2D199A}.HelloGame_link_match_Debug|x64.ActiveCfg = HelloGame_link_match_Debug|x64
		{8D1710A5-EAD2-494C-8349-4F658D2D199A}.HelloGame_link_match_Debug|x64.Build.0 = HelloGame_link_match_Debug|x64
		{8D1710A5-EAD2-494C-8349-4F658D2D199A}.HelloGame_minesweeper_Debug|x64.ActiveCfg = HelloGame_minesweeper_Debug|x64
		{8D1710A5-EAD2-494C-8349-4F658D2D199A}.HelloGame_minesweeper_Debug|x64.Build.0 = HelloGame_minesweeper_Debug|x64
		{8D1710A5-EAD2-494C-8349-4F658D2D199A}.HelloGame_sokoban_Debug|x64.ActiveCfg = HelloGame_sokoban_Debug|x64
		{8D1710A5-EAD2-494C-8349-4F658D2D199A}.HelloGame_sokoban_Debug|x64.Build.0 = HelloGame_sokoban_Debug|x64
		{8D1710A5-EAD2-494C-8349-4F658D2D199A}.HelloGame_tetris_Debug|x64.ActiveCfg = HelloGame_tetris_Debug|x64
		{8D1710A5-EAD2-494C-8349-4F658D2D199A}.HelloGame_tetris_Debug|x64.Build.0 = HelloGame_tetris_Debug|x64
		{8D1710A5-EAD2-494C-8349-4F658D2D199A}.HelloGradient_Debug|x64.ActiveCfg = HelloGradient_Debug|x64
		{8D1710A5-EAD2-494C-8349-4F658D2D199A}.HelloGradient_Debug|x64.Build.0 = HelloGradient_Debug|x64
		{8D1710A5-EAD2-494C-8349-4F658D2D199A}.HelloMultiDisplay_Debug|x64.ActiveCfg = HelloMultiDisplay_Debug|x64
		{8D1710A5-EAD2-494C-8349-4F658D2D199A}.HelloMultiDisplay_Debug|x64.Build.0 = HelloMultiDisplay_Debug|x64
		{8D1710A5-EAD2-494C-8349-4F658D2D199A}.HelloMultiDisplayHetero_Debug|x64.ActiveCfg = HelloMultiDisplayHetero_Debug|x64
		{8D1710A5-EAD2-494C-8349-4F658D2D199A}.HelloMultiDisplayHetero_Debug|x64.Build.0 = HelloMultiDisplayHetero_Debug|x64
		{8D1710A5-EAD2-494C-8349-4F658D2D199A}.HelloMultiTouch_Debug|x64.ActiveCfg = HelloMultiTouch_Debug|x64
		{8D1710A5-EAD2-494C-8349-4F658D2D199A}.HelloMultiTouch_Debug|x64.Build.0 = HelloMultiTouch_Debug|x64
		{8D1710A5-EAD2-494C-8349-4F658D2D199A}.HelloPerformance_Debug|x64.ActiveCfg = HelloPerformance_Debug|x64
		{8D1710A5-EAD2-494C-8349-4F658D2D199A}.HelloPerformance_Debug|x64.Build.0 = HelloPerformance_Debug|x64
		{8D1710A5-EAD2-494C-8349-4F658D2D199A}.HelloSVGSpec_Debug|x64.ActiveCfg = HelloSVGSpec_Debug|x64
		{8D1710A5-EAD2-494C-8349-4F658D2D199A}.HelloSVGSpec_Debug|x64.Build.0 = HelloSVGSpec_Debug|x64
		{8D1710A5-EAD2-494C-8349-4F658D2D199A}.HelloSizeAnalysis_hq_path_probe_Debug|x64.ActiveCfg = HelloSizeAnalysis_hq_path_probe_Debug|x64
		{8D1710A5-EAD2-494C-8349-4F658D2D199A}.HelloSizeAnalysis_hq_path_probe_Debug|x64.Build.0 = HelloSizeAnalysis_hq_path_probe_Debug|x64
		{8D1710A5-EAD2-494C-8349-4F658D2D199A}.HelloSizeAnalysis_preset_validation_Debug|x64.ActiveCfg = HelloSizeAnalysis_preset_validation_Debug|x64
		{8D1710A5-EAD2-494C-8349-4F658D2D199A}.HelloSizeAnalysis_preset_validation_Debug|x64.Build.0 = HelloSizeAnalysis_preset_validation_Debug|x64
		{8D1710A5-EAD2-494C-8349-4F658D2D199A}.HelloSizeAnalysis_widget_feature_probe_Debug|x64.ActiveCfg = HelloSizeAnalysis_widget_feature_probe_Debug|x64
		{8D1710A5-EAD2-494C-8349-4F658D2D199A}.HelloSizeAnalysis_widget_feature_probe_Debug|x64.Build.0 = HelloSizeAnalysis_widget_feature_probe_Debug|x64
		{8D1710A5-EAD2-494C-8349-4F658D2D199A}.HelloTest_Debug|x64.ActiveCfg = HelloTest_Debug|x64
		{8D1710A5-EAD2-494C-8349-4F658D2D199A}.HelloTest_Debug|x64.Build.0 = HelloTest_Debug|x64
		{8D1710A5-EAD2-494C-8349-4F658D2D199A}.HelloUnitTest_Debug|x64.ActiveCfg = HelloUnitTest_Debug|x64
		{8D1710A5-EAD2-494C-8349-4F658D2D199A}.HelloUnitTest_Debug|x64.Build.0 = HelloUnitTest_Debug|x64
		{8D1710A5-EAD2-494C-8349-4F658D2D199A}.HelloVirtual_grid_view_Debug|x64.ActiveCfg = HelloVirtual_grid_view_Debug|x64
		{8D1710A5-EAD2-494C-8349-4F658D2D199A}.HelloVirtual_grid_view_Debug|x64.Build.0 = HelloVirtual_grid_view_Debug|x64
		{8D1710A5-EAD2-494C-8349-4F658D2D199A}.HelloVirtual_grid_view_basic_Debug|x64.ActiveCfg = HelloVirtual_grid_view_basic_Debug|x64
		{8D1710A5-EAD2-494C-8349-4F658D2D199A}.HelloVirtual_grid_view_basic_Debug|x64.Build.0 = HelloVirtual_grid_view_basic_Debug|x64
		{8D1710A5-EAD2-494C-8349-4F658D2D199A}.HelloVirtual_list_view_Debug|x64.ActiveCfg = HelloVirtual_list_view_Debug|x64
		{8D1710A5-EAD2-494C-8349-4F658D2D199A}.HelloVirtual_list_view_Debug|x64.Build.0 = HelloVirtual_list_view_Debug|x64
		{8D1710A5-EAD2-494C-8349-4F658D2D199A}.HelloVirtual_list_view_basic_Debug|x64.ActiveCfg = HelloVirtual_list_view_basic_Debug|x64
		{8D1710A5-EAD2-494C-8349-4F658D2D199A}.HelloVirtual_list_view_basic_Debug|x64.Build.0 = HelloVirtual_list_view_basic_Debug|x64
		{8D1710A5-EAD2-494C-8349-4F658D2D199A}.HelloVirtual_virtual_grid_Debug|x64.ActiveCfg = HelloVirtual_virtual_grid_Debug|x64
		{8D1710A5-EAD2-494C-8349-4F658D2D199A}.HelloVirtual_virtual_grid_Debug|x64.Build.0 = HelloVirtual_virtual_grid_Debug|x64
		{8D1710A5-EAD2-494C-8349-4F658D2D199A}.HelloVirtual_virtual_grid_basic_Debug|x64.ActiveCfg = HelloVirtual_virtual_grid_basic_Debug|x64
		{8D1710A5-EAD2-494C-8349-4F658D2D199A}.HelloVirtual_virtual_grid_basic_Debug|x64.Build.0 = HelloVirtual_virtual_grid_basic_Debug|x64
		{8D1710A5-EAD2-494C-8349-4F658D2D199A}.HelloVirtual_virtual_page_Debug|x64.ActiveCfg = HelloVirtual_virtual_page_Debug|x64
		{8D1710A5-EAD2-494C-8349-4F658D2D199A}.HelloVirtual_virtual_page_Debug|x64.Build.0 = HelloVirtual_virtual_page_Debug|x64
		{8D1710A5-EAD2-494C-8349-4F658D2D199A}.HelloVirtual_virtual_page_basic_Debug|x64.ActiveCfg = HelloVirtual_virtual_page_basic_Debug|x64
		{8D1710A5-EAD2-494C-8349-4F658D2D199A}.HelloVirtual_virtual_page_basic_Debug|x64.Build.0 = HelloVirtual_virtual_page_basic_Debug|x64
		{8D1710A5-EAD2-494C-8349-4F658D2D199A}.HelloVirtual_virtual_section_list_Debug|x64.ActiveCfg = HelloVirtual_virtual_section_list_Debug|x64
		{8D1710A5-EAD2-494C-8349-4F658D2D199A}.HelloVirtual_virtual_section_list_Debug|x64.Build.0 = HelloVirtual_virtual_section_list_Debug|x64
		{8D1710A5-EAD2-494C-8349-4F658D2D199A}.HelloVirtual_virtual_section_list_basic_Debug|x64.ActiveCfg = HelloVirtual_virtual_section_list_basic_Debug|x64
		{8D1710A5-EAD2-494C-8349-4F658D2D199A}.HelloVirtual_virtual_section_list_basic_Debug|x64.Build.0 = HelloVirtual_virtual_section_list_basic_Debug|x64
		{8D1710A5-EAD2-494C-8349-4F658D2D199A}.HelloVirtual_virtual_stage_Debug|x64.ActiveCfg = HelloVirtual_virtual_stage_Debug|x64
		{8D1710A5-EAD2-494C-8349-4F658D2D199A}.HelloVirtual_virtual_stage_Debug|x64.Build.0 = HelloVirtual_virtual_stage_Debug|x64
		{8D1710A5-EAD2-494C-8349-4F658D2D199A}.HelloVirtual_virtual_stage_showcase_Debug|x64.ActiveCfg = HelloVirtual_virtual_stage_showcase_Debug|x64
		{8D1710A5-EAD2-494C-8349-4F658D2D199A}.HelloVirtual_virtual_stage_showcase_Debug|x64.Build.0 = HelloVirtual_virtual_stage_showcase_Debug|x64
		{8D1710A5-EAD2-494C-8349-4F658D2D199A}.HelloVirtual_virtual_strip_Debug|x64.ActiveCfg = HelloVirtual_virtual_strip_Debug|x64
		{8D1710A5-EAD2-494C-8349-4F658D2D199A}.HelloVirtual_virtual_strip_Debug|x64.Build.0 = HelloVirtual_virtual_strip_Debug|x64
		{8D1710A5-EAD2-494C-8349-4F658D2D199A}.HelloVirtual_virtual_strip_basic_Debug|x64.ActiveCfg = HelloVirtual_virtual_strip_basic_Debug|x64
		{8D1710A5-EAD2-494C-8349-4F658D2D199A}.HelloVirtual_virtual_strip_basic_Debug|x64.Build.0 = HelloVirtual_virtual_strip_basic_Debug|x64
		{8D1710A5-EAD2-494C-8349-4F658D2D199A}.HelloVirtual_virtual_tree_Debug|x64.ActiveCfg = HelloVirtual_virtual_tree_Debug|x64
		{8D1710A5-EAD2-494C-8349-4F658D2D199A}.HelloVirtual_virtual_tree_Debug|x64.Build.0 = HelloVirtual_virtual_tree_Debug|x64
		{8D1710A5-EAD2-494C-8349-4F658D2D199A}.HelloVirtual_virtual_tree_basic_Debug|x64.ActiveCfg = HelloVirtual_virtual_tree_basic_Debug|x64
		{8D1710A5-EAD2-494C-8349-4F658D2D199A}.HelloVirtual_virtual_tree_basic_Debug|x64.Build.0 = HelloVirtual_virtual_tree_basic_Debug|x64
		{8D1710A5-EAD2-494C-8349-4F658D2D199A}.HelloVirtual_virtual_viewport_Debug|x64.ActiveCfg = HelloVirtual_virtual_viewport_Debug|x64
		{8D1710A5-EAD2-494C-8349-4F658D2D199A}.HelloVirtual_virtual_viewport_Debug|x64.Build.0 = HelloVirtual_virtual_viewport_Debug|x64
		{8D1710A5-EAD2-494C-8349-4F658D2D199A}.Release|x64.ActiveCfg = Release|x64
		{8D1710A5-EAD2-494C-8349-4F658D2D199A}.Release|x64.Build.0 = Release|x64
	EndGlobalSection
	GlobalSection(SolutionProperties) = preSolution
		HideSolutionNode = FALSE
	EndGlobalSection
EndGlobal
